
Microsoft Visual Studio Solution File, Format Version 12.00
# Visual Studio 2013
VisualStudioVersion = 12.0.21005.1
MinimumVisualStudioVersion = 10.0.40219.1
Project("{F2A71F9B-5D33-465A-A702-920D77279786}") = "DeepBelief", "DeepBelief\DeepBelief.fsproj", "{50F4EB00-A650-4854-B53B-3C919D36EAB5}"
EndProject
Project("{F2A71F9B-5D33-465A-A702-920D77279786}") = "DeepBelief.Tests", "DeepBelief.Tests\DeepBelief.Tests.fsproj", "{DD787FE8-4BF7-4564-B20D-3AEF8B73F2F1}"
EndProject
Project("{F2A71F9B-5D33-465A-A702-920D77279786}") = "MnistClassification", "MnistClassification\MnistClassification.fsproj", "{F4F50893-A044-490F-BD48-B06FA62C323B}"
EndProject
Project("{FAE04EC0-301F-11D3-BF4B-00C04F79EFBC}") = "MnistClassification.Windows", "MnistClassification.Windows\MnistClassification.Windows.csproj", "{B88FB748-356D-4921-ACA1-202B799F6797}"
EndProject
Project("{F2A71F9B-5D33-465A-A702-920D77279786}") = "MnistClassification.Web", "MnistClassification.Web\MnistClassification.Web.fsproj", "{E7B10D56-0F0F-4F17-A5C8-03E9F020BFAE}"
EndProject
Global
	GlobalSection(SolutionConfigurationPlatforms) = preSolution
		Debug|Any CPU = Debug|Any CPU
		Debug|Mixed Platforms = Debug|Mixed Platforms
		Debug|x86 = Debug|x86
		Release|Any CPU = Release|Any CPU
		Release|Mixed Platforms = Release|Mixed Platforms
		Release|x86 = Release|x86
	EndGlobalSection
	GlobalSection(ProjectConfigurationPlatforms) = postSolution
		{50F4EB00-A650-4854-B53B-3C919D36EAB5}.Debug|Any CPU.ActiveCfg = Debug|Any CPU
		{50F4EB00-A650-4854-B53B-3C919D36EAB5}.Debug|Any CPU.Build.0 = Debug|Any CPU
		{50F4EB00-A650-4854-B53B-3C919D36EAB5}.Debug|Mixed Platforms.ActiveCfg = Debug|Any CPU
		{50F4EB00-A650-4854-B53B-3C919D36EAB5}.Debug|Mixed Platforms.Build.0 = Debug|Any CPU
		{50F4EB00-A650-4854-B53B-3C919D36EAB5}.Debug|x86.ActiveCfg = Debug|Any CPU
		{50F4EB00-A650-4854-B53B-3C919D36EAB5}.Release|Any CPU.ActiveCfg = Release|Any CPU
		{50F4EB00-A650-4854-B53B-3C919D36EAB5}.Release|Any CPU.Build.0 = Release|Any CPU
		{50F4EB00-A650-4854-B53B-3C919D36EAB5}.Release|Mixed Platforms.ActiveCfg = Release|Any CPU
		{50F4EB00-A650-4854-B53B-3C919D36EAB5}.Release|Mixed Platforms.Build.0 = Release|Any CPU
		{50F4EB00-A650-4854-B53B-3C919D36EAB5}.Release|x86.ActiveCfg = Release|Any CPU
		{DD787FE8-4BF7-4564-B20D-3AEF8B73F2F1}.Debug|Any CPU.ActiveCfg = Debug|Any CPU
		{DD787FE8-4BF7-4564-B20D-3AEF8B73F2F1}.Debug|Any CPU.Build.0 = Debug|Any CPU
		{DD787FE8-4BF7-4564-B20D-3AEF8B73F2F1}.Debug|Mixed Platforms.ActiveCfg = Debug|Any CPU
		{DD787FE8-4BF7-4564-B20D-3AEF8B73F2F1}.Debug|Mixed Platforms.Build.0 = Debug|Any CPU
		{DD787FE8-4BF7-4564-B20D-3AEF8B73F2F1}.Debug|x86.ActiveCfg = Debug|Any CPU
		{DD787FE8-4BF7-4564-B20D-3AEF8B73F2F1}.Release|Any CPU.ActiveCfg = Release|Any CPU
		{DD787FE8-4BF7-4564-B20D-3AEF8B73F2F1}.Release|Any CPU.Build.0 = Release|Any CPU
		{DD787FE8-4BF7-4564-B20D-3AEF8B73F2F1}.Release|Mixed Platforms.ActiveCfg = Release|Any CPU
		{DD787FE8-4BF7-4564-B20D-3AEF8B73F2F1}.Release|Mixed Platforms.Build.0 = Release|Any CPU
		{DD787FE8-4BF7-4564-B20D-3AEF8B73F2F1}.Release|x86.ActiveCfg = Release|Any CPU
		{F4F50893-A044-490F-BD48-B06FA62C323B}.Debug|Any CPU.ActiveCfg = Debug|Any CPU
		{F4F50893-A044-490F-BD48-B06FA62C323B}.Debug|Any CPU.Build.0 = Debug|Any CPU
		{F4F50893-A044-490F-BD48-B06FA62C323B}.Debug|Mixed Platforms.ActiveCfg = Debug|Any CPU
		{F4F50893-A044-490F-BD48-B06FA62C323B}.Debug|Mixed Platforms.Build.0 = Debug|Any CPU
		{F4F50893-A044-490F-BD48-B06FA62C323B}.Debug|x86.ActiveCfg = Debug|Any CPU
		{F4F50893-A044-490F-BD48-B06FA62C323B}.Release|Any CPU.ActiveCfg = Release|Any CPU
		{F4F50893-A044-490F-BD48-B06FA62C323B}.Release|Any CPU.Build.0 = Release|Any CPU
		{F4F50893-A044-490F-BD48-B06FA62C323B}.Release|Mixed Platforms.ActiveCfg = Release|Any CPU
		{F4F50893-A044-490F-BD48-B06FA62C323B}.Release|Mixed Platforms.Build.0 = Release|Any CPU
		{F4F50893-A044-490F-BD48-B06FA62C323B}.Release|x86.ActiveCfg = Release|Any CPU
		{B88FB748-356D-4921-ACA1-202B799F6797}.Debug|Any CPU.ActiveCfg = Debug|Any CPU
		{B88FB748-356D-4921-ACA1-202B799F6797}.Debug|Any CPU.Build.0 = Debug|Any CPU
		{B88FB748-356D-4921-ACA1-202B799F6797}.Debug|Mixed Platforms.ActiveCfg = Debug|Any CPU
		{B88FB748-356D-4921-ACA1-202B799F6797}.Debug|Mixed Platforms.Build.0 = Debug|Any CPU
		{B88FB748-356D-4921-ACA1-202B799F6797}.Debug|x86.ActiveCfg = Debug|Any CPU
		{B88FB748-356D-4921-ACA1-202B799F6797}.Release|Any CPU.ActiveCfg = Release|Any CPU
		{B88FB748-356D-4921-ACA1-202B799F6797}.Release|Any CPU.Build.0 = Release|Any CPU
		{B88FB748-356D-4921-ACA1-202B799F6797}.Release|Mixed Platforms.ActiveCfg = Release|Any CPU
		{B88FB748-356D-4921-ACA1-202B799F6797}.Release|Mixed Platforms.Build.0 = Release|Any CPU
		{B88FB748-356D-4921-ACA1-202B799F6797}.Release|x86.ActiveCfg = Release|Any CPU
		{E7B10D56-0F0F-4F17-A5C8-03E9F020BFAE}.Debug|Any CPU.ActiveCfg = Debug|Any CPU
		{E7B10D56-0F0F-4F17-A5C8-03E9F020BFAE}.Debug|Any CPU.Build.0 = Debug|Any CPU
		{E7B10D56-0F0F-4F17-A5C8-03E9F020BFAE}.Debug|Mixed Platforms.ActiveCfg = Debug|Any CPU
		{E7B10D56-0F0F-4F17-A5C8-03E9F020BFAE}.Debug|Mixed Platforms.Build.0 = Debug|Any CPU
		{E7B10D56-0F0F-4F17-A5C8-03E9F020BFAE}.Debug|x86.ActiveCfg = Debug|Any CPU
		{E7B10D56-0F0F-4F17-A5C8-03E9F020BFAE}.Release|Any CPU.ActiveCfg = Release|Any CPU
		{E7B10D56-0F0F-4F17-A5C8-03E9F020BFAE}.Release|Any CPU.Build.0 = Release|Any CPU
		{E7B10D56-0F0F-4F17-A5C8-03E9F020BFAE}.Release|Mixed Platforms.ActiveCfg = Release|Any CPU
		{E7B10D56-0F0F-4F17-A5C8-03E9F020BFAE}.Release|Mixed Platforms.Build.0 = Release|Any CPU
		{E7B10D56-0F0F-4F17-A5C8-03E9F020BFAE}.Release|x86.ActiveCfg = Release|Any CPU
	EndGlobalSection
	GlobalSection(SolutionProperties) = preSolution
		HideSolutionNode = FALSE
	EndGlobalSection
EndGlobal
